
Microsoft Visual Studio Solution File, Format Version 11.00
# Visual Studio 2010
Project("{FAE04EC0-301F-11D3-BF4B-00C04F79EFBC}") = "ObjCreationTest", "Assembly-CSharp.csproj", "{F583C1CD-C225-E22B-301B-05AD04A0F9F2}"
EndProject
Project("{FAE04EC0-301F-11D3-BF4B-00C04F79EFBC}") = "ObjCreationTest", "Assembly-CSharp-Editor.csproj", "{62DB49AC-CDBD-C2CD-2B7D-9089FAF28A26}"
EndProject
Global
	GlobalSection(SolutionConfigurationPlatforms) = preSolution
		Debug|Any CPU = Debug|Any CPU
		Release|Any CPU = Release|Any CPU
	EndGlobalSection
	GlobalSection(ProjectConfigurationPlatforms) = postSolution
		{F583C1CD-C225-E22B-301B-05AD04A0F9F2}.Debug|Any CPU.ActiveCfg = Debug|Any CPU
		{F583C1CD-C225-E22B-301B-05AD04A0F9F2}.Debug|Any CPU.Build.0 = Debug|Any CPU
		{F583C1CD-C225-E22B-301B-05AD04A0F9F2}.Release|Any CPU.ActiveCfg = Release|Any CPU
		{F583C1CD-C225-E22B-301B-05AD04A0F9F2}.Release|Any CPU.Build.0 = Release|Any CPU
		{62DB49AC-CDBD-C2CD-2B7D-9089FAF28A26}.Debug|Any CPU.ActiveCfg = Debug|Any CPU
		{62DB49AC-CDBD-C2CD-2B7D-9089FAF28A26}.Debug|Any CPU.Build.0 = Debug|Any CPU
		{62DB49AC-CDBD-C2CD-2B7D-9089FAF28A26}.Release|Any CPU.ActiveCfg = Release|Any CPU
		{62DB49AC-CDBD-C2CD-2B7D-9089FAF28A26}.Release|Any CPU.Build.0 = Release|Any CPU
	EndGlobalSection
	GlobalSection(SolutionProperties) = preSolution
		HideSolutionNode = FALSE
	EndGlobalSection
	GlobalSection(MonoDevelopProperties) = preSolution
		StartupItem = Assembly-CSharp.csproj
	EndGlobalSection
EndGlobal
